<?xml version="1.0" encoding="utf-8"?>
<Project ToolsVersion="4.0" xmlns="http://schemas.microsoft.com/developer/msbuild/2003">
  <ItemGroup>
    <Filter Include="Исходные файлы">
      <UniqueIdentifier>{4FC737F1-C7A5-4376-A066-2A32D752A2FF}</UniqueIdentifier>
      <Extensions>cpp;c;cc;cxx;c++;cppm;ixx;def;odl;idl;hpj;bat;asm;asmx</Extensions>
    </Filter>
    <Filter Include="Файлы заголовков">
      <UniqueIdentifier>{93995380-89BD-4b04-88EB-625FBE52EBFB}</UniqueIdentifier>
      <Extensions>h;hh;hpp;hxx;h++;hm;inl;inc;ipp;xsd</Extensions>
    </Filter>
    <Filter Include="Файлы ресурсов">
      <UniqueIdentifier>{67DA6AB6-F800-4c08-8B7A-83BB121AAD01}</UniqueIdentifier>
      <Extensions>rc;ico;cur;bmp;dlg;rc2;rct;bin;rgs;gif;jpg;jpeg;jpe;resx;tiff;tif;png;wav;mfcribbon-ms</Extensions>
    </Filter>
    <Filter Include="Основные файлы">
      <UniqueIdentifier>{af56a0f0-5272-4c4f-b9b8-73d34fe6358e}</UniqueIdentifier>
    </Filter>
  </ItemGroup>
  <ItemGroup>
    <ClInclude Include="bank.h">
      <Filter>Файлы заголовков</Filter>
    </ClInclude>
    <ClInclude Include="operations.h">
      <Filter>Файлы заголовков</Filter>
    </ClInclude>
    <ClInclude Include="address.h">
      <Filter>Файлы заголовков</Filter>
    </ClInclude>
    <ClInclude Include="exchange_rate.h">
      <Filter>Файлы заголовков</Filter>
    </ClInclude>
    <ClInclude Include="file_reader.h">
      <Filter>Основные файлы</Filter>
    </ClInclude>
    <ClInclude Include="filter.h">
      <Filter>Основные файлы</Filter>
    </ClInclude>
  </ItemGroup>
  <ItemGroup>
    <ClCompile Include="bank.cpp">
      <Filter>Исходные файлы</Filter>
    </ClCompile>
    <ClCompile Include="operations.cpp">
      <Filter>Исходные файлы</Filter>
    </ClCompile>
    <ClCompile Include="address.cpp">
      <Filter>Исходные файлы</Filter>
    </ClCompile>
    <ClCompile Include="exchange_rate.cpp">
      <Filter>Исходные файлы</Filter>
    </ClCompile>
    <ClCompile Include="main.cpp">
      <Filter>Основные файлы</Filter>
    </ClCompile>
    <ClCompile Include="file_reader.cpp">
      <Filter>Основные файлы</Filter>
    </ClCompile>
    <ClCompile Include="filter.cpp">
      <Filter>Основные файлы</Filter>
    </ClCompile>
  </ItemGroup>
  <ItemGroup>
    <Text Include="data.txt">
      <Filter>Файлы ресурсов</Filter>
    </Text>
  </ItemGroup>
</Project>